
Microsoft Visual Studio Solution File, Format Version 12.00
# Visual Studio Version 17
VisualStudioVersion = 17.9.34723.18
MinimumVisualStudioVersion = 10.0.40219.1
Project("{FAE04EC0-301F-11D3-BF4B-00C04F79EFBC}") = "pryCastilloAppVentas", "pryCastilloAppVentas\pryCastilloAppVentas.csproj", "{0DF6F2BF-A3FB-4550-8F91-0624CAB84FA0}"
EndProject
Global
	GlobalSection(SolutionConfigurationPlatforms) = preSolution
		Debug|Any CPU = Debug|Any CPU
		Release|Any CPU = Release|Any CPU
	EndGlobalSection
	GlobalSection(ProjectConfigurationPlatforms) = postSolution
		{0DF6F2BF-A3FB-4550-8F91-0624CAB84FA0}.Debug|Any CPU.ActiveCfg = Debug|Any CPU
		{0DF6F2BF-A3FB-4550-8F91-0624CAB84FA0}.Debug|Any CPU.Build.0 = Debug|Any CPU
		{0DF6F2BF-A3FB-4550-8F91-0624CAB84FA0}.Release|Any CPU.ActiveCfg = Release|Any CPU
		{0DF6F2BF-A3FB-4550-8F91-0624CAB84FA0}.Release|Any CPU.Build.0 = Release|Any CPU
	EndGlobalSection
	GlobalSection(SolutionProperties) = preSolution
		HideSolutionNode = FALSE
	EndGlobalSection
	GlobalSection(ExtensibilityGlobals) = postSolution
		SolutionGuid = {9F5161DB-33EF-439F-85D5-20DA86CBD94E}
	EndGlobalSection
EndGlobal
